
Microsoft Visual Studio Solution File, Format Version 10.00
# Visual Web Developer Express 2008
Project("{FAE04EC0-301F-11D3-BF4B-00C04F79EFBC}") = "PaliTranslatorWeb", "PaliTranslatorWeb\PaliTranslatorWeb.csproj", "{614ACE2E-AADF-4C1D-A2D6-356117BCC860}"
EndProject
Global
	GlobalSection(SolutionConfigurationPlatforms) = preSolution
		Debug|Any CPU = Debug|Any CPU
		Release|Any CPU = Release|Any CPU
	EndGlobalSection
	GlobalSection(ProjectConfigurationPlatforms) = postSolution
		{614ACE2E-AADF-4C1D-A2D6-356117BCC860}.Debug|Any CPU.ActiveCfg = Debug|Any CPU
		{614ACE2E-AADF-4C1D-A2D6-356117BCC860}.Debug|Any CPU.Build.0 = Debug|Any CPU
		{614ACE2E-AADF-4C1D-A2D6-356117BCC860}.Release|Any CPU.ActiveCfg = Release|Any CPU
		{614ACE2E-AADF-4C1D-A2D6-356117BCC860}.Release|Any CPU.Build.0 = Release|Any CPU
	EndGlobalSection
	GlobalSection(SolutionProperties) = preSolution
		HideSolutionNode = FALSE
	EndGlobalSection
EndGlobal
